
Microsoft Visual Studio Solution File, Format Version 12.00
# Visual Studio Version 16
VisualStudioVersion = 16.0.30523.141
MinimumVisualStudioVersion = 10.0.40219.1
Project("{FAE04EC0-301F-11D3-BF4B-00C04F79EFBC}") = "jeng", "jeng\jeng.csproj", "{902A3EAC-F432-49D2-B58B-8B1AE1A39130}"
EndProject
Global
	GlobalSection(SolutionConfigurationPlatforms) = preSolution
		Debug|Any CPU = Debug|Any CPU
		Release|Any CPU = Release|Any CPU
	EndGlobalSection
	GlobalSection(ProjectConfigurationPlatforms) = postSolution
		{902A3EAC-F432-49D2-B58B-8B1AE1A39130}.Debug|Any CPU.ActiveCfg = Debug|Any CPU
		{902A3EAC-F432-49D2-B58B-8B1AE1A39130}.Debug|Any CPU.Build.0 = Debug|Any CPU
		{902A3EAC-F432-49D2-B58B-8B1AE1A39130}.Release|Any CPU.ActiveCfg = Release|Any CPU
		{902A3EAC-F432-49D2-B58B-8B1AE1A39130}.Release|Any CPU.Build.0 = Release|Any CPU
	EndGlobalSection
	GlobalSection(SolutionProperties) = preSolution
		HideSolutionNode = FALSE
	EndGlobalSection
	GlobalSection(ExtensibilityGlobals) = postSolution
		SolutionGuid = {33766F10-E045-4E02-A844-37A1F0071373}
	EndGlobalSection
EndGlobal
